// !$*UTF8*$!
{
	archiveVersion = 1;
	classes = {
	};
	objectVersion = 55;
	objects = {

/* Begin PBXBuildFile section */
		07DBF132270D7DFA002BA6E6 /* Tests_iOS.swift in Sources */ = {isa = PBXBuildFile; fileRef = 07DBF131270D7DFA002BA6E6 /* Tests_iOS.swift */; };
		07DBF134270D7DFA002BA6E6 /* Tests_iOSLaunchTests.swift in Sources */ = {isa = PBXBuildFile; fileRef = 07DBF133270D7DFA002BA6E6 /* Tests_iOSLaunchTests.swift */; };
		07DBF13E270D7DFA002BA6E6 /* Tests_macOS.swift in Sources */ = {isa = PBXBuildFile; fileRef = 07DBF13D270D7DFA002BA6E6 /* Tests_macOS.swift */; };
		07DBF140270D7DFA002BA6E6 /* Tests_macOSLaunchTests.swift in Sources */ = {isa = PBXBuildFile; fileRef = 07DBF13F270D7DFA002BA6E6 /* Tests_macOSLaunchTests.swift */; };
		07DBF141270D7DFA002BA6E6 /* LearnGitDemoApp.swift in Sources */ = {isa = PBXBuildFile; fileRef = 07DBF119270D7DF9002BA6E6 /* LearnGitDemoApp.swift */; };
		07DBF142270D7DFA002BA6E6 /* LearnGitDemoApp.swift in Sources */ = {isa = PBXBuildFile; fileRef = 07DBF119270D7DF9002BA6E6 /* LearnGitDemoApp.swift */; };
		07DBF143270D7DFA002BA6E6 /* ContentView.swift in Sources */ = {isa = PBXBuildFile; fileRef = 07DBF11A270D7DF9002BA6E6 /* ContentView.swift */; };
		07DBF144270D7DFA002BA6E6 /* ContentView.swift in Sources */ = {isa = PBXBuildFile; fileRef = 07DBF11A270D7DF9002BA6E6 /* ContentView.swift */; };
		07DBF145270D7DFA002BA6E6 /* Assets.xcassets in Resources */ = {isa = PBXBuildFile; fileRef = 07DBF11B270D7DFA002BA6E6 /* Assets.xcassets */; };
		07DBF146270D7DFA002BA6E6 /* Assets.xcassets in Resources */ = {isa = PBXBuildFile; fileRef = 07DBF11B270D7DFA002BA6E6 /* Assets.xcassets */; };
/* End PBXBuildFile section */

/* Begin PBXContainerItemProxy section */
		07DBF12E270D7DFA002BA6E6 /* PBXContainerItemProxy */ = {
			isa = PBXContainerItemProxy;
			containerPortal = 07DBF114270D7DF9002BA6E6 /* Project object */;
			proxyType = 1;
			remoteGlobalIDString = 07DBF11F270D7DFA002BA6E6;
			remoteInfo = "LearnGitDemo (iOS)";
		};
		07DBF13A270D7DFA002BA6E6 /* PBXContainerItemProxy */ = {
			isa = PBXContainerItemProxy;
			containerPortal = 07DBF114270D7DF9002BA6E6 /* Project object */;
			proxyType = 1;
			remoteGlobalIDString = 07DBF125270D7DFA002BA6E6;
			remoteInfo = "LearnGitDemo (macOS)";
		};
/* End PBXContainerItemProxy section */

/* Begin PBXFileReference section */
		07DBF119270D7DF9002BA6E6 /* LearnGitDemoApp.swift */ = {isa = PBXFileReference; lastKnownFileType = sourcecode.swift; path = LearnGitDemoApp.swift; sourceTree = "<group>"; };
		07DBF11A270D7DF9002BA6E6 /* ContentView.swift */ = {isa = PBXFileReference; lastKnownFileType = sourcecode.swift; path = ContentView.swift; sourceTree = "<group>"; };
		07DBF11B270D7DFA002BA6E6 /* Assets.xcassets */ = {isa = PBXFileReference; lastKnownFileType = folder.assetcatalog; path = Assets.xcassets; sourceTree = "<group>"; };
		07DBF120270D7DFA002BA6E6 /* LearnGitDemo.app */ = {isa = PBXFileReference; explicitFileType = wrapper.application; includeInIndex = 0; path = LearnGitDemo.app; sourceTree = BUILT_PRODUCTS_DIR; };
		07DBF126270D7DFA002BA6E6 /* LearnGitDemo.app */ = {isa = PBXFileReference; explicitFileType = wrapper.application; includeInIndex = 0; path = LearnGitDemo.app; sourceTree = BUILT_PRODUCTS_DIR; };
		07DBF128270D7DFA002BA6E6 /* macOS.entitlements */ = {isa = PBXFileReference; lastKnownFileType = text.plist.entitlements; path = macOS.entitlements; sourceTree = "<group>"; };
		07DBF12D270D7DFA002BA6E6 /* Tests iOS.xctest */ = {isa = PBXFileReference; explicitFileType = wrapper.cfbundle; includeInIndex = 0; path = "Tests iOS.xctest"; sourceTree = BUILT_PRODUCTS_DIR; };
		07DBF131270D7DFA002BA6E6 /* Tests_iOS.swift */ = {isa = PBXFileReference; lastKnownFileType = sourcecode.swift; path = Tests_iOS.swift; sourceTree = "<group>"; };
		07DBF133270D7DFA002BA6E6 /* Tests_iOSLaunchTests.swift */ = {isa = PBXFileReference; lastKnownFileType = sourcecode.swift; path = Tests_iOSLaunchTests.swift; sourceTree = "<group>"; };
		07DBF139270D7DFA002BA6E6 /* Tests macOS.xctest */ = {isa = PBXFileReference; explicitFileType = wrapper.cfbundle; includeInIndex = 0; path = "Tests macOS.xctest"; sourceTree = BUILT_PRODUCTS_DIR; };
		07DBF13D270D7DFA002BA6E6 /* Tests_macOS.swift */ = {isa = PBXFileReference; lastKnownFileType = sourcecode.swift; path = Tests_macOS.swift; sourceTree = "<group>"; };
		07DBF13F270D7DFA002BA6E6 /* Tests_macOSLaunchTests.swift */ = {isa = PBXFileReference; lastKnownFileType = sourcecode.swift; path = Tests_macOSLaunchTests.swift; sourceTree = "<group>"; };
/* End PBXFileReference section */

/* Begin PBXFrameworksBuildPhase section */
		07DBF11D270D7DFA002BA6E6 /* Frameworks */ = {
			isa = PBXFrameworksBuildPhase;
			buildActionMask = 2147483647;
			files = (
			);
			runOnlyForDeploymentPostprocessing = 0;
		};
		07DBF123270D7DFA002BA6E6 /* Frameworks */ = {
			isa = PBXFrameworksBuildPhase;
			buildActionMask = 2147483647;
			files = (
			);
			runOnlyForDeploymentPostprocessing = 0;
		};
		07DBF12A270D7DFA002BA6E6 /* Frameworks */ = {
			isa = PBXFrameworksBuildPhase;
			buildActionMask = 2147483647;
			files = (
			);
			runOnlyForDeploymentPostprocessing = 0;
		};
		07DBF136270D7DFA002BA6E6 /* Frameworks */ = {
			isa = PBXFrameworksBuildPhase;
			buildActionMask = 2147483647;
			files = (
			);
			runOnlyForDeploymentPostprocessing = 0;
		};
/* End PBXFrameworksBuildPhase section */

/* Begin PBXGroup section */
		07DBF113270D7DF9002BA6E6 = {
			isa = PBXGroup;
			children = (
				07DBF118270D7DF9002BA6E6 /* Shared */,
				07DBF127270D7DFA002BA6E6 /* macOS */,
				07DBF130270D7DFA002BA6E6 /* Tests iOS */,
				07DBF13C270D7DFA002BA6E6 /* Tests macOS */,
				07DBF121270D7DFA002BA6E6 /* Products */,
			);
			sourceTree = "<group>";
		};
		07DBF118270D7DF9002BA6E6 /* Shared */ = {
			isa = PBXGroup;
			children = (
				07DBF119270D7DF9002BA6E6 /* LearnGitDemoApp.swift */,
				07DBF11A270D7DF9002BA6E6 /* ContentView.swift */,
				07DBF11B270D7DFA002BA6E6 /* Assets.xcassets */,
			);
			path = Shared;
			sourceTree = "<group>";
		};
		07DBF121270D7DFA002BA6E6 /* Products */ = {
			isa = PBXGroup;
			children = (
				07DBF120270D7DFA002BA6E6 /* LearnGitDemo.app */,
				07DBF126270D7DFA002BA6E6 /* LearnGitDemo.app */,
				07DBF12D270D7DFA002BA6E6 /* Tests iOS.xctest */,
				07DBF139270D7DFA002BA6E6 /* Tests macOS.xctest */,
			);
			name = Products;
			sourceTree = "<group>";
		};
		07DBF127270D7DFA002BA6E6 /* macOS */ = {
			isa = PBXGroup;
			children = (
				07DBF128270D7DFA002BA6E6 /* macOS.entitlements */,
			);
			path = macOS;
			sourceTree = "<group>";
		};
		07DBF130270D7DFA002BA6E6 /* Tests iOS */ = {
			isa = PBXGroup;
			children = (
				07DBF131270D7DFA002BA6E6 /* Tests_iOS.swift */,
				07DBF133270D7DFA002BA6E6 /* Tests_iOSLaunchTests.swift */,
			);
			path = "Tests iOS";
			sourceTree = "<group>";
		};
		07DBF13C270D7DFA002BA6E6 /* Tests macOS */ = {
			isa = PBXGroup;
			children = (
				07DBF13D270D7DFA002BA6E6 /* Tests_macOS.swift */,
				07DBF13F270D7DFA002BA6E6 /* Tests_macOSLaunchTests.swift */,
			);
			path = "Tests macOS";
			sourceTree = "<group>";
		};
/* End PBXGroup section */

/* Begin PBXNativeTarget section */
		07DBF11F270D7DFA002BA6E6 /* LearnGitDemo (iOS) */ = {
			isa = PBXNativeTarget;
			buildConfigurationList = 07DBF149270D7DFA002BA6E6 /* Build configuration list for PBXNativeTarget "LearnGitDemo (iOS)" */;
			buildPhases = (
				07DBF11C270D7DFA002BA6E6 /* Sources */,
				07DBF11D270D7DFA002BA6E6 /* Frameworks */,
				07DBF11E270D7DFA002BA6E6 /* Resources */,
			);
			buildRules = (
			);
			dependencies = (
			);
			name = "LearnGitDemo (iOS)";
			productName = "LearnGitDemo (iOS)";
			productReference = 07DBF120270D7DFA002BA6E6 /* LearnGitDemo.app */;
			productType = "com.apple.product-type.application";
		};
		07DBF125270D7DFA002BA6E6 /* LearnGitDemo (macOS) */ = {
			isa = PBXNativeTarget;
			buildConfigurationList = 07DBF14C270D7DFA002BA6E6 /* Build configuration list for PBXNativeTarget "LearnGitDemo (macOS)" */;
			buildPhases = (
				07DBF122270D7DFA002BA6E6 /* Sources */,
				07DBF123270D7DFA002BA6E6 /* Frameworks */,
				07DBF124270D7DFA002BA6E6 /* Resources */,
			);
			buildRules = (
			);
			dependencies = (
			);
			name = "LearnGitDemo (macOS)";
			productName = "LearnGitDemo (macOS)";
			productReference = 07DBF126270D7DFA002BA6E6 /* LearnGitDemo.app */;
			productType = "com.apple.product-type.application";
		};
		07DBF12C270D7DFA002BA6E6 /* Tests iOS */ = {
			isa = PBXNativeTarget;
			buildConfigurationList = 07DBF14F270D7DFA002BA6E6 /* Build configuration list for PBXNativeTarget "Tests iOS" */;
			buildPhases = (
				07DBF129270D7DFA002BA6E6 /* Sources */,
				07DBF12A270D7DFA002BA6E6 /* Frameworks */,
				07DBF12B270D7DFA002BA6E6 /* Resources */,
			);
			buildRules = (
			);
			dependencies = (
				07DBF12F270D7DFA002BA6E6 /* PBXTargetDependency */,
			);
			name = "Tests iOS";
			productName = "Tests iOS";
			productReference = 07DBF12D270D7DFA002BA6E6 /* Tests iOS.xctest */;
			productType = "com.apple.product-type.bundle.ui-testing";
		};
		07DBF138270D7DFA002BA6E6 /* Tests macOS */ = {
			isa = PBXNativeTarget;
			buildConfigurationList = 07DBF152270D7DFA002BA6E6 /* Build configuration list for PBXNativeTarget "Tests macOS" */;
			buildPhases = (
				07DBF135270D7DFA002BA6E6 /* Sources */,
				07DBF136270D7DFA002BA6E6 /* Frameworks */,
				07DBF137270D7DFA002BA6E6 /* Resources */,
			);
			buildRules = (
			);
			dependencies = (
				07DBF13B270D7DFA002BA6E6 /* PBXTargetDependency */,
			);
			name = "Tests macOS";
			productName = "Tests macOS";
			productReference = 07DBF139270D7DFA002BA6E6 /* Tests macOS.xctest */;
			productType = "com.apple.product-type.bundle.ui-testing";
		};
/* End PBXNativeTarget section */

/* Begin PBXProject section */
		07DBF114270D7DF9002BA6E6 /* Project object */ = {
			isa = PBXProject;
			attributes = {
				BuildIndependentTargetsInParallel = 1;
				LastSwiftUpdateCheck = 1300;
				LastUpgradeCheck = 1300;
				TargetAttributes = {
					07DBF11F270D7DFA002BA6E6 = {
						CreatedOnToolsVersion = 13.0;
					};
					07DBF125270D7DFA002BA6E6 = {
						CreatedOnToolsVersion = 13.0;
					};
					07DBF12C270D7DFA002BA6E6 = {
						CreatedOnToolsVersion = 13.0;
						TestTargetID = 07DBF11F270D7DFA002BA6E6;
					};
					07DBF138270D7DFA002BA6E6 = {
						CreatedOnToolsVersion = 13.0;
						TestTargetID = 07DBF125270D7DFA002BA6E6;
					};
				};
			};
			buildConfigurationList = 07DBF117270D7DF9002BA6E6 /* Build configuration list for PBXProject "LearnGitDemo" */;
			compatibilityVersion = "Xcode 13.0";
			developmentRegion = en;
			hasScannedForEncodings = 0;
			knownRegions = (
				en,
				Base,
			);
			mainGroup = 07DBF113270D7DF9002BA6E6;
			productRefGroup = 07DBF121270D7DFA002BA6E6 /* Products */;
			projectDirPath = "";
			projectRoot = "";
			targets = (
				07DBF11F270D7DFA002BA6E6 /* LearnGitDemo (iOS) */,
				07DBF125270D7DFA002BA6E6 /* LearnGitDemo (macOS) */,
				07DBF12C270D7DFA002BA6E6 /* Tests iOS */,
				07DBF138270D7DFA002BA6E6 /* Tests macOS */,
			);
		};
/* End PBXProject section */

/* Begin PBXResourcesBuildPhase section */
		07DBF11E270D7DFA002BA6E6 /* Resources */ = {
			isa = PBXResourcesBuildPhase;
			buildActionMask = 2147483647;
			files = (
				07DBF145270D7DFA002BA6E6 /* Assets.xcassets in Resources */,
			);
			runOnlyForDeploymentPostprocessing = 0;
		};
		07DBF124270D7DFA002BA6E6 /* Resources */ = {
			isa = PBXResourcesBuildPhase;
			buildActionMask = 2147483647;
			files = (
				07DBF146270D7DFA002BA6E6 /* Assets.xcassets in Resources */,
			);
			runOnlyForDeploymentPostprocessing = 0;
		};
		07DBF12B270D7DFA002BA6E6 /* Resources */ = {
			isa = PBXResourcesBuildPhase;
			buildActionMask = 2147483647;
			files = (
			);
			runOnlyForDeploymentPostprocessing = 0;
		};
		07DBF137270D7DFA002BA6E6 /* Resources */ = {
			isa = PBXResourcesBuildPhase;
			buildActionMask = 2147483647;
			files = (
			);
			runOnlyForDeploymentPostprocessing = 0;
		};
/* End PBXResourcesBuildPhase section */

/* Begin PBXSourcesBuildPhase section */
		07DBF11C270D7DFA002BA6E6 /* Sources */ = {
			isa = PBXSourcesBuildPhase;
			buildActionMask = 2147483647;
			files = (
				07DBF143270D7DFA002BA6E6 /* ContentView.swift in Sources */,
				07DBF141270D7DFA002BA6E6 /* LearnGitDemoApp.swift in Sources */,
			);
			runOnlyForDeploymentPostprocessing = 0;
		};
		07DBF122270D7DFA002BA6E6 /* Sources */ = {
			isa = PBXSourcesBuildPhase;
			buildActionMask = 2147483647;
			files = (
				07DBF144270D7DFA002BA6E6 /* ContentView.swift in Sources */,
				07DBF142270D7DFA002BA6E6 /* LearnGitDemoApp.swift in Sources */,
			);
			runOnlyForDeploymentPostprocessing = 0;
		};
		07DBF129270D7DFA002BA6E6 /* Sources */ = {
			isa = PBXSourcesBuildPhase;
			buildActionMask = 2147483647;
			files = (
				07DBF134270D7DFA002BA6E6 /* Tests_iOSLaunchTests.swift in Sources */,
				07DBF132270D7DFA002BA6E6 /* Tests_iOS.swift in Sources */,
			);
			runOnlyForDeploymentPostprocessing = 0;
		};
		07DBF135270D7DFA002BA6E6 /* Sources */ = {
			isa = PBXSourcesBuildPhase;
			buildActionMask = 2147483647;
			files = (
				07DBF140270D7DFA002BA6E6 /* Tests_macOSLaunchTests.swift in Sources */,
				07DBF13E270D7DFA002BA6E6 /* Tests_macOS.swift in Sources */,
			);
			runOnlyForDeploymentPostprocessing = 0;
		};
/* End PBXSourcesBuildPhase section */

/* Begin PBXTargetDependency section */
		07DBF12F270D7DFA002BA6E6 /* PBXTargetDependency */ = {
			isa = PBXTargetDependency;
			target = 07DBF11F270D7DFA002BA6E6 /* LearnGitDemo (iOS) */;
			targetProxy = 07DBF12E270D7DFA002BA6E6 /* PBXContainerItemProxy */;
		};
		07DBF13B270D7DFA002BA6E6 /* PBXTargetDependency */ = {
			isa = PBXTargetDependency;
			target = 07DBF125270D7DFA002BA6E6 /* LearnGitDemo (macOS) */;
			targetProxy = 07DBF13A270D7DFA002BA6E6 /* PBXContainerItemProxy */;
		};
/* End PBXTargetDependency section */

/* Begin XCBuildConfiguration section */
		07DBF147270D7DFA002BA6E6 /* Debug */ = {
			isa = XCBuildConfiguration;
			buildSettings = {
				ALWAYS_SEARCH_USER_PATHS = NO;
				CLANG_ANALYZER_NONNULL = YES;
				CLANG_ANALYZER_NUMBER_OBJECT_CONVERSION = YES_AGGRESSIVE;
				CLANG_CXX_LANGUAGE_STANDARD = "gnu++17";
				CLANG_CXX_LIBRARY = "libc++";
				CLANG_ENABLE_MODULES = YES;
				CLANG_ENABLE_OBJC_ARC = YES;
				CLANG_ENABLE_OBJC_WEAK = YES;
				CLANG_WARN_BLOCK_CAPTURE_AUTORELEASING = YES;
				CLANG_WARN_BOOL_CONVERSION = YES;
				CLANG_WARN_COMMA = YES;
				CLANG_WARN_CONSTANT_CONVERSION = YES;
				CLANG_WARN_DEPRECATED_OBJC_IMPLEMENTATIONS = YES;
				CLANG_WARN_DIRECT_OBJC_ISA_USAGE = YES_ERROR;
				CLANG_WARN_DOCUMENTATION_COMMENTS = YES;
				CLANG_WARN_EMPTY_BODY = YES;
				CLANG_WARN_ENUM_CONVERSION = YES;
				CLANG_WARN_INFINITE_RECURSION = YES;
				CLANG_WARN_INT_CONVERSION = YES;
				CLANG_WARN_NON_LITERAL_NULL_CONVERSION = YES;
				CLANG_WARN_OBJC_IMPLICIT_RETAIN_SELF = YES;
				CLANG_WARN_OBJC_LITERAL_CONVERSION = YES;
				CLANG_WARN_OBJC_ROOT_CLASS = YES_ERROR;
				CLANG_WARN_QUOTED_INCLUDE_IN_FRAMEWORK_HEADER = YES;
				CLANG_WARN_RANGE_LOOP_ANALYSIS = YES;
				CLANG_WARN_STRICT_PROTOTYPES = YES;
				CLANG_WARN_SUSPICIOUS_MOVE = YES;
				CLANG_WARN_UNGUARDED_AVAILABILITY = YES_AGGRESSIVE;
				CLANG_WARN_UNREACHABLE_CODE = YES;
				CLANG_WARN__DUPLICATE_METHOD_MATCH = YES;
				COPY_PHASE_STRIP = NO;
				DEBUG_INFORMATION_FORMAT = dwarf;
				ENABLE_STRICT_OBJC_MSGSEND = YES;
				ENABLE_TESTABILITY = YES;
				GCC_C_LANGUAGE_STANDARD = gnu11;
				GCC_DYNAMIC_NO_PIC = NO;
				GCC_NO_COMMON_BLOCKS = YES;
				GCC_OPTIMIZATION_LEVEL = 0;
				GCC_PREPROCESSOR_DEFINITIONS = (
					"DEBUG=1",
					"$(inherited)",
				);
				GCC_WARN_64_TO_32_BIT_CONVERSION = YES;
				GCC_WARN_ABOUT_RETURN_TYPE = YES_ERROR;
				GCC_WARN_UNDECLARED_SELECTOR = YES;
				GCC_WARN_UNINITIALIZED_AUTOS = YES_AGGRESSIVE;
				GCC_WARN_UNUSED_FUNCTION = YES;
				GCC_WARN_UNUSED_VARIABLE = YES;
				MTL_ENABLE_DEBUG_INFO = INCLUDE_SOURCE;
				MTL_FAST_MATH = YES;
				ONLY_ACTIVE_ARCH = YES;
				SWIFT_ACTIVE_COMPILATION_CONDITIONS = DEBUG;
				SWIFT_OPTIMIZATION_LEVEL = "-Onone";
			};
			name = Debug;
		};
		07DBF148270D7DFA002BA6E6 /* Release */ = {
			isa = XCBuildConfiguration;
			buildSettings = {
				ALWAYS_SEARCH_USER_PATHS = NO;
				CLANG_ANALYZER_NONNULL = YES;
				CLANG_ANALYZER_NUMBER_OBJECT_CONVERSION = YES_AGGRESSIVE;
				CLANG_CXX_LANGUAGE_STANDARD = "gnu++17";
				CLANG_CXX_LIBRARY = "libc++";
				CLANG_ENABLE_MODULES = YES;
				CLANG_ENABLE_OBJC_ARC = YES;
				CLANG_ENABLE_OBJC_WEAK = YES;
				CLANG_WARN_BLOCK_CAPTURE_AUTORELEASING = YES;
				CLANG_WARN_BOOL_CONVERSION = YES;
				CLANG_WARN_COMMA = YES;
				CLANG_WARN_CONSTANT_CONVERSION = YES;
				CLANG_WARN_DEPRECATED_OBJC_IMPLEMENTATIONS = YES;
				CLANG_WARN_DIRECT_OBJC_ISA_USAGE = YES_ERROR;
				CLANG_WARN_DOCUMENTATION_COMMENTS = YES;
				CLANG_WARN_EMPTY_BODY = YES;
				CLANG_WARN_ENUM_CONVERSION = YES;
				CLANG_WARN_INFINITE_RECURSION = YES;
				CLANG_WARN_INT_CONVERSION = YES;
				CLANG_WARN_NON_LITERAL_NULL_CONVERSION = YES;
				CLANG_WARN_OBJC_IMPLICIT_RETAIN_SELF = YES;
				CLANG_WARN_OBJC_LITERAL_CONVERSION = YES;
				CLANG_WARN_OBJC_ROOT_CLASS = YES_ERROR;
				CLANG_WARN_QUOTED_INCLUDE_IN_FRAMEWORK_HEADER = YES;
				CLANG_WARN_RANGE_LOOP_ANALYSIS = YES;
				CLANG_WARN_STRICT_PROTOTYPES = YES;
				CLANG_WARN_SUSPICIOUS_MOVE = YES;
				CLANG_WARN_UNGUARDED_AVAILABILITY = YES_AGGRESSIVE;
				CLANG_WARN_UNREACHABLE_CODE = YES;
				CLANG_WARN__DUPLICATE_METHOD_MATCH = YES;
				COPY_PHASE_STRIP = NO;
				DEBUG_INFORMATION_FORMAT = "dwarf-with-dsym";
				ENABLE_NS_ASSERTIONS = NO;
				ENABLE_STRICT_OBJC_MSGSEND = YES;
				GCC_C_LANGUAGE_STANDARD = gnu11;
				GCC_NO_COMMON_BLOCKS = YES;
				GCC_WARN_64_TO_32_BIT_CONVERSION = YES;
				GCC_WARN_ABOUT_RETURN_TYPE = YES_ERROR;
				GCC_WARN_UNDECLARED_SELECTOR = YES;
				GCC_WARN_UNINITIALIZED_AUTOS = YES_AGGRESSIVE;
				GCC_WARN_UNUSED_FUNCTION = YES;
				GCC_WARN_UNUSED_VARIABLE = YES;
				MTL_ENABLE_DEBUG_INFO = NO;
				MTL_FAST_MATH = YES;
				SWIFT_COMPILATION_MODE = wholemodule;
				SWIFT_OPTIMIZATION_LEVEL = "-O";
			};
			name = Release;
		};
		07DBF14A270D7DFA002BA6E6 /* Debug */ = {
			isa = XCBuildConfiguration;
			buildSettings = {
				ASSETCATALOG_COMPILER_APPICON_NAME = AppIcon;
				ASSETCATALOG_COMPILER_GLOBAL_ACCENT_COLOR_NAME = AccentColor;
				CODE_SIGN_STYLE = Automatic;
				CURRENT_PROJECT_VERSION = 1;
				ENABLE_PREVIEWS = YES;
				GENERATE_INFOPLIST_FILE = YES;
				INFOPLIST_KEY_UIApplicationSceneManifest_Generation = YES;
				INFOPLIST_KEY_UIApplicationSupportsIndirectInputEvents = YES;
				INFOPLIST_KEY_UILaunchScreen_Generation = YES;
				INFOPLIST_KEY_UISupportedInterfaceOrientations_iPad = "UIInterfaceOrientationPortrait UIInterfaceOrientationPortraitUpsideDown UIInterfaceOrientationLandscapeLeft UIInterfaceOrientationLandscapeRight";
				INFOPLIST_KEY_UISupportedInterfaceOrientations_iPhone = "UIInterfaceOrientationPortrait UIInterfaceOrientationLandscapeLeft UIInterfaceOrientationLandscapeRight";
				IPHONEOS_DEPLOYMENT_TARGET = 14.0;
				LD_RUNPATH_SEARCH_PATHS = (
					"$(inherited)",
					"@executable_path/Frameworks",
				);
				MARKETING_VERSION = 1.0;
				PRODUCT_BUNDLE_IDENTIFIER = "-11.LearnGitDemo";
				PRODUCT_NAME = LearnGitDemo;
				SDKROOT = iphoneos;
				SWIFT_EMIT_LOC_STRINGS = YES;
				SWIFT_VERSION = 5.0;
				TARGETED_DEVICE_FAMILY = "1,2";
			};
			name = Debug;
		};
		07DBF14B270D7DFA002BA6E6 /* Release */ = {
			isa = XCBuildConfiguration;
			buildSettings = {
				ASSETCATALOG_COMPILER_APPICON_NAME = AppIcon;
				ASSETCATALOG_COMPILER_GLOBAL_ACCENT_COLOR_NAME = AccentColor;
				CODE_SIGN_STYLE = Automatic;
				CURRENT_PROJECT_VERSION = 1;
				ENABLE_PREVIEWS = YES;
				GENERATE_INFOPLIST_FILE = YES;
				INFOPLIST_KEY_UIApplicationSceneManifest_Generation = YES;
				INFOPLIST_KEY_UIApplicationSupportsIndirectInputEvents = YES;
				INFOPLIST_KEY_UILaunchScreen_Generation = YES;
				INFOPLIST_KEY_UISupportedInterfaceOrientations_iPad = "UIInterfaceOrientationPortrait UIInterfaceOrientationPortraitUpsideDown UIInterfaceOrientationLandscapeLeft UIInterfaceOrientationLandscapeRight";
				INFOPLIST_KEY_UISupportedInterfaceOrientations_iPhone = "UIInterfaceOrientationPortrait UIInterfaceOrientationLandscapeLeft UIInterfaceOrientationLandscapeRight";
				IPHONEOS_DEPLOYMENT_TARGET = 14.0;
				LD_RUNPATH_SEARCH_PATHS = (
					"$(inherited)",
					"@executable_path/Frameworks",
				);
				MARKETING_VERSION = 1.0;
				PRODUCT_BUNDLE_IDENTIFIER = "-11.LearnGitDemo";
				PRODUCT_NAME = LearnGitDemo;
				SDKROOT = iphoneos;
				SWIFT_EMIT_LOC_STRINGS = YES;
				SWIFT_VERSION = 5.0;
				TARGETED_DEVICE_FAMILY = "1,2";
				VALIDATE_PRODUCT = YES;
			};
			name = Release;
		};
		07DBF14D270D7DFA002BA6E6 /* Debug */ = {
			isa = XCBuildConfiguration;
			buildSettings = {
				ASSETCATALOG_COMPILER_APPICON_NAME = AppIcon;
				ASSETCATALOG_COMPILER_GLOBAL_ACCENT_COLOR_NAME = AccentColor;
				CODE_SIGN_ENTITLEMENTS = macOS/macOS.entitlements;
				CODE_SIGN_STYLE = Automatic;
				COMBINE_HIDPI_IMAGES = YES;
				CURRENT_PROJECT_VERSION = 1;
				ENABLE_PREVIEWS = YES;
				GENERATE_INFOPLIST_FILE = YES;
				INFOPLIST_KEY_NSHumanReadableCopyright = "";
				LD_RUNPATH_SEARCH_PATHS = (
					"$(inherited)",
					"@executable_path/../Frameworks",
				);
				MACOSX_DEPLOYMENT_TARGET = 11.0;
				MARKETING_VERSION = 1.0;
				PRODUCT_BUNDLE_IDENTIFIER = "-11.LearnGitDemo";
				PRODUCT_NAME = LearnGitDemo;
				SDKROOT = macosx;
				SWIFT_EMIT_LOC_STRINGS = YES;
				SWIFT_VERSION = 5.0;
			};
			name = Debug;
		};
		07DBF14E270D7DFA002BA6E6 /* Release */ = {
			isa = XCBuildConfiguration;
			buildSettings = {
				ASSETCATALOG_COMPILER_APPICON_NAME = AppIcon;
				ASSETCATALOG_COMPILER_GLOBAL_ACCENT_COLOR_NAME = AccentColor;
				CODE_SIGN_ENTITLEMENTS = macOS/macOS.entitlements;
				CODE_SIGN_STYLE = Automatic;
				COMBINE_HIDPI_IMAGES = YES;
				CURRENT_PROJECT_VERSION = 1;
				ENABLE_PREVIEWS = YES;
				GENERATE_INFOPLIST_FILE = YES;
				INFOPLIST_KEY_NSHumanReadableCopyright = "";
				LD_RUNPATH_SEARCH_PATHS = (
					"$(inherited)",
					"@executable_path/../Frameworks",
				);
				MACOSX_DEPLOYMENT_TARGET = 11.0;
				MARKETING_VERSION = 1.0;
				PRODUCT_BUNDLE_IDENTIFIER = "-11.LearnGitDemo";
				PRODUCT_NAME = LearnGitDemo;
				SDKROOT = macosx;
				SWIFT_EMIT_LOC_STRINGS = YES;
				SWIFT_VERSION = 5.0;
			};
			name = Release;
		};
		07DBF150270D7DFA002BA6E6 /* Debug */ = {
			isa = XCBuildConfiguration;
			buildSettings = {
				ALWAYS_EMBED_SWIFT_STANDARD_LIBRARIES = YES;
				CODE_SIGN_STYLE = Automatic;
				CURRENT_PROJECT_VERSION = 1;
				GENERATE_INFOPLIST_FILE = YES;
				IPHONEOS_DEPLOYMENT_TARGET = 15.0;
				LD_RUNPATH_SEARCH_PATHS = (
					"$(inherited)",
					"@executable_path/Frameworks",
					"@loader_path/Frameworks",
				);
				MARKETING_VERSION = 1.0;
				PRODUCT_BUNDLE_IDENTIFIER = "-11.Tests-iOS";
				PRODUCT_NAME = "$(TARGET_NAME)";
				SDKROOT = iphoneos;
				SWIFT_EMIT_LOC_STRINGS = NO;
				SWIFT_VERSION = 5.0;
				TARGETED_DEVICE_FAMILY = "1,2";
				TEST_TARGET_NAME = "LearnGitDemo (iOS)";
			};
			name = Debug;
		};
		07DBF151270D7DFA002BA6E6 /* Release */ = {
			isa = XCBuildConfiguration;
			buildSettings = {
				ALWAYS_EMBED_SWIFT_STANDARD_LIBRARIES = YES;
				CODE_SIGN_STYLE = Automatic;
				CURRENT_PROJECT_VERSION = 1;
				GENERATE_INFOPLIST_FILE = YES;
				IPHONEOS_DEPLOYMENT_TARGET = 15.0;
				LD_RUNPATH_SEARCH_PATHS = (
					"$(inherited)",
					"@executable_path/Frameworks",
					"@loader_path/Frameworks",
				);
				MARKETING_VERSION = 1.0;
				PRODUCT_BUNDLE_IDENTIFIER = "-11.Tests-iOS";
				PRODUCT_NAME = "$(TARGET_NAME)";
				SDKROOT = iphoneos;
				SWIFT_EMIT_LOC_STRINGS = NO;
				SWIFT_VERSION = 5.0;
				TARGETED_DEVICE_FAMILY = "1,2";
				TEST_TARGET_NAME = "LearnGitDemo (iOS)";
				VALIDATE_PRODUCT = YES;
			};
			name = Release;
		};
		07DBF153270D7DFA002BA6E6 /* Debug */ = {
			isa = XCBuildConfiguration;
			buildSettings = {
				ALWAYS_EMBED_SWIFT_STANDARD_LIBRARIES = YES;
				CODE_SIGN_STYLE = Automatic;
				COMBINE_HIDPI_IMAGES = YES;
				CURRENT_PROJECT_VERSION = 1;
				GENERATE_INFOPLIST_FILE = YES;
				LD_RUNPATH_SEARCH_PATHS = (
					"$(inherited)",
					"@executable_path/../Frameworks",
					"@loader_path/../Frameworks",
				);
				MACOSX_DEPLOYMENT_TARGET = 11.3;
				MARKETING_VERSION = 1.0;
				PRODUCT_BUNDLE_IDENTIFIER = "-11.Tests-macOS";
				PRODUCT_NAME = "$(TARGET_NAME)";
				SDKROOT = macosx;
				SWIFT_EMIT_LOC_STRINGS = NO;
				SWIFT_VERSION = 5.0;
				TEST_TARGET_NAME = "LearnGitDemo (macOS)";
			};
			name = Debug;
		};
		07DBF154270D7DFA002BA6E6 /* Release */ = {
			isa = XCBuildConfiguration;
			buildSettings = {
				ALWAYS_EMBED_SWIFT_STANDARD_LIBRARIES = YES;
				CODE_SIGN_STYLE = Automatic;
				COMBINE_HIDPI_IMAGES = YES;
				CURRENT_PROJECT_VERSION = 1;
				GENERATE_INFOPLIST_FILE = YES;
				LD_RUNPATH_SEARCH_PATHS = (
					"$(inherited)",
					"@executable_path/../Frameworks",
					"@loader_path/../Frameworks",
				);
				MACOSX_DEPLOYMENT_TARGET = 11.3;
				MARKETING_VERSION = 1.0;
				PRODUCT_BUNDLE_IDENTIFIER = "-11.Tests-macOS";
				PRODUCT_NAME = "$(TARGET_NAME)";
				SDKROOT = macosx;
				SWIFT_EMIT_LOC_STRINGS = NO;
				SWIFT_VERSION = 5.0;
				TEST_TARGET_NAME = "LearnGitDemo (macOS)";
			};
			name = Release;
		};
/* End XCBuildConfiguration section */

/* Begin XCConfigurationList section */
		07DBF117270D7DF9002BA6E6 /* Build configuration list for PBXProject "LearnGitDemo" */ = {
			isa = XCConfigurationList;
			buildConfigurations = (
				07DBF147270D7DFA002BA6E6 /* Debug */,
				07DBF148270D7DFA002BA6E6 /* Release */,
			);
			defaultConfigurationIsVisible = 0;
			defaultConfigurationName = Release;
		};
		07DBF149270D7DFA002BA6E6 /* Build configuration list for PBXNativeTarget "LearnGitDemo (iOS)" */ = {
			isa = XCConfigurationList;
			buildConfigurations = (
				07DBF14A270D7DFA002BA6E6 /* Debug */,
				07DBF14B270D7DFA002BA6E6 /* Release */,
			);
			defaultConfigurationIsVisible = 0;
			defaultConfigurationName = Release;
		};
		07DBF14C270D7DFA002BA6E6 /* Build configuration list for PBXNativeTarget "LearnGitDemo (macOS)" */ = {
			isa = XCConfigurationList;
			buildConfigurations = (
				07DBF14D270D7DFA002BA6E6 /* Debug */,
				07DBF14E270D7DFA002BA6E6 /* Release */,
			);
			defaultConfigurationIsVisible = 0;
			defaultConfigurationName = Release;
		};
		07DBF14F270D7DFA002BA6E6 /* Build configuration list for PBXNativeTarget "Tests iOS" */ = {
			isa = XCConfigurationList;
			buildConfigurations = (
				07DBF150270D7DFA002BA6E6 /* Debug */,
				07DBF151270D7DFA002BA6E6 /* Release */,
			);
			defaultConfigurationIsVisible = 0;
			defaultConfigurationName = Release;
		};
		07DBF152270D7DFA002BA6E6 /* Build configuration list for PBXNativeTarget "Tests macOS" */ = {
			isa = XCConfigurationList;
			buildConfigurations = (
				07DBF153270D7DFA002BA6E6 /* Debug */,
				07DBF154270D7DFA002BA6E6 /* Release */,
			);
			defaultConfigurationIsVisible = 0;
			defaultConfigurationName = Release;
		};
/* End XCConfigurationList section */
	};
	rootObject = 07DBF114270D7DF9002BA6E6 /* Project object */;
}
